{
  "name": "udemy_rails_app",
  "lockfileVersion": 3,
  "requires": true,
  "packages": {
    "": {
      "dependencies": {
        "@rails/actiontext": "^7.1.2",
        "flowbite": "^2.2.1",
        "trix": "^2.0.8"
      }
    },
    "node_modules/@popperjs/core": {
      "version": "2.11.8",
      "resolved": "https://registry.npmjs.org/@popperjs/core/-/core-2.11.8.tgz",
      "integrity": "sha512-P1st0aksCrn9sGZhp8GMYwBnQsbvAWsZAX44oXNNvLHGqAOcoVxmjZiohstwQ7SqKnbR47akdNi+uleWD8+g6A==",
      "funding": {
        "type": "opencollective",
        "url": "https://opencollective.com/popperjs"
      }
    },
    "node_modules/@rails/actiontext": {
      "version": "7.1.2",
      "resolved": "https://registry.npmjs.org/@rails/actiontext/-/actiontext-7.1.2.tgz",
      "integrity": "sha512-qiSUtop7rIb9BlwvgU98u+y8erlWhOiV0AveoHQ4EzN11VAWj3Euao9O+Q1iEJfIPcgXRvnsVLIJPrz3ldizFg==",
      "dependencies": {
        "@rails/activestorage": ">= 7.1.0-alpha"
      },
      "peerDependencies": {
        "trix": "^2.0.0"
      }
    },
    "node_modules/@rails/activestorage": {
      "version": "7.1.2",
      "resolved": "https://registry.npmjs.org/@rails/activestorage/-/activestorage-7.1.2.tgz",
      "integrity": "sha512-evC/xGlpq5XGpcNJina3oNVVB8pUp1GpnN3a84SVA+UNuB6O91OdNRl9BGHNAOo6/jxmFtLb73PIjWqQyVE14w==",
      "dependencies": {
        "spark-md5": "^3.0.1"
      }
    },
    "node_modules/flowbite": {
      "version": "2.2.1",
      "resolved": "https://registry.npmjs.org/flowbite/-/flowbite-2.2.1.tgz",
      "integrity": "sha512-iiZyBTtriEDRHrqXZgpKHaxl4B2J8HZUP8Yn1RXozUDKszWHDVj4GxQqMMB9AJHRWOgXV/4E/LJZ/zqQgBUhWA==",
      "dependencies": {
        "@popperjs/core": "^2.9.3",
        "mini-svg-data-uri": "^1.4.3"
      }
    },
    "node_modules/mini-svg-data-uri": {
      "version": "1.4.4",
      "resolved": "https://registry.npmjs.org/mini-svg-data-uri/-/mini-svg-data-uri-1.4.4.tgz",
      "integrity": "sha512-r9deDe9p5FJUPZAk3A59wGH7Ii9YrjjWw0jmw/liSbHl2CHiyXj6FcDXDu2K3TjVAXqiJdaw3xxwlZZr9E6nHg==",
      "bin": {
        "mini-svg-data-uri": "cli.js"
      }
    },
    "node_modules/spark-md5": {
      "version": "3.0.2",
      "resolved": "https://registry.npmjs.org/spark-md5/-/spark-md5-3.0.2.tgz",
      "integrity": "sha512-wcFzz9cDfbuqe0FZzfi2or1sgyIrsDwmPwfZC4hiNidPdPINjeUwNfv5kldczoEAcjl9Y1L3SM7Uz2PUEQzxQw=="
    },
    "node_modules/trix": {
      "version": "2.0.8",
      "resolved": "https://registry.npmjs.org/trix/-/trix-2.0.8.tgz",
      "integrity": "sha512-tPqJl+NjALVUOC8sNfRrY42K7cfp4QBb9svXxmfhxYrspF9fOOzXq+GnDa9l2ZAcfM43msnPpkJ7MrJQA3FgrA=="
    }
  }
}
